
Microsoft Visual Studio Solution File, Format Version 12.00
# Visual Studio 15
Project("{FAE04EC0-301F-11D3-BF4B-00C04F79EFBC}") = "AnagramValidation", "AnagramValidation\AnagramValidation.csproj", "{71115C79-0885-4AFB-8D8B-56FE6800433F}"
EndProject
Global
	GlobalSection(SolutionConfigurationPlatforms) = preSolution
		Debug|Any CPU = Debug|Any CPU
		Release|Any CPU = Release|Any CPU
	EndGlobalSection
	GlobalSection(ProjectConfigurationPlatforms) = postSolution
		{71115C79-0885-4AFB-8D8B-56FE6800433F}.Debug|Any CPU.ActiveCfg = Debug|Any CPU
		{71115C79-0885-4AFB-8D8B-56FE6800433F}.Debug|Any CPU.Build.0 = Debug|Any CPU
		{71115C79-0885-4AFB-8D8B-56FE6800433F}.Release|Any CPU.ActiveCfg = Release|Any CPU
		{71115C79-0885-4AFB-8D8B-56FE6800433F}.Release|Any CPU.Build.0 = Release|Any CPU
	EndGlobalSection
EndGlobal
